
Microsoft Visual Studio Solution File, Format Version 12.00
# Visual Studio Version 16
VisualStudioVersion = 25.0.1706.1
MinimumVisualStudioVersion = 10.0.40219.1
Project("{FAE04EC0-301F-11D3-BF4B-00C04F79EFBC}") = "WeatherApp", "WeatherApp.csproj", "{43C0B0D9-3F10-488E-8C4A-CC3238B4FBFE}"
EndProject
Global
	GlobalSection(SolutionConfigurationPlatforms) = preSolution
		Debug|Any CPU = Debug|Any CPU
		Release|Any CPU = Release|Any CPU
	EndGlobalSection
	GlobalSection(ProjectConfigurationPlatforms) = postSolution
		{43C0B0D9-3F10-488E-8C4A-CC3238B4FBFE}.Debug|Any CPU.ActiveCfg = Debug|Any CPU
		{43C0B0D9-3F10-488E-8C4A-CC3238B4FBFE}.Debug|Any CPU.Build.0 = Debug|Any CPU
		{43C0B0D9-3F10-488E-8C4A-CC3238B4FBFE}.Release|Any CPU.ActiveCfg = Release|Any CPU
		{43C0B0D9-3F10-488E-8C4A-CC3238B4FBFE}.Release|Any CPU.Build.0 = Release|Any CPU
	EndGlobalSection
	GlobalSection(SolutionProperties) = preSolution
		HideSolutionNode = FALSE
	EndGlobalSection
	GlobalSection(ExtensibilityGlobals) = postSolution
		SolutionGuid = {15F46C0E-7805-4FCF-9B33-570AFA5F4C02}
	EndGlobalSection
EndGlobal
